
Microsoft Visual Studio Solution File, Format Version 12.00
# Visual Studio Version 17
VisualStudioVersion = 17.12.35527.113
MinimumVisualStudioVersion = 10.0.40219.1
Project("{FAE04EC0-301F-11D3-BF4B-00C04F79EFBC}") = "LgkProductions.Discord.Activity", "src\LgkProductions.Discord.Activity.csproj", "{548B84A7-EE5F-4F3F-8D08-E7900AECA3B5}"
EndProject
Project("{2150E333-8FDC-42A3-9474-1A3956D46DE8}") = "build", "build", "{957EA21A-9C16-43CC-A638-6899CEB4862B}"
	ProjectSection(SolutionItems) = preProject
		Directory.Build.props = Directory.Build.props
	EndProjectSection
EndProject
Project("{2150E333-8FDC-42A3-9474-1A3956D46DE8}") = "lib", "lib", "{5DEAD6D6-CF22-4801-8B59-17679D8C4953}"
EndProject
Project("{FAE04EC0-301F-11D3-BF4B-00C04F79EFBC}") = "Unity.Networking.Transport.Relay", "lib\Unity.Networking.Transport.Relay\Unity.Networking.Transport.Relay.csproj", "{850AA705-BABB-4292-B177-5B9AD50EEAE9}"
EndProject
Global
	GlobalSection(SolutionConfigurationPlatforms) = preSolution
		Debug|Any CPU = Debug|Any CPU
		Release|Any CPU = Release|Any CPU
	EndGlobalSection
	GlobalSection(ProjectConfigurationPlatforms) = postSolution
		{548B84A7-EE5F-4F3F-8D08-E7900AECA3B5}.Debug|Any CPU.ActiveCfg = Debug|Any CPU
		{548B84A7-EE5F-4F3F-8D08-E7900AECA3B5}.Debug|Any CPU.Build.0 = Debug|Any CPU
		{548B84A7-EE5F-4F3F-8D08-E7900AECA3B5}.Release|Any CPU.ActiveCfg = Release|Any CPU
		{548B84A7-EE5F-4F3F-8D08-E7900AECA3B5}.Release|Any CPU.Build.0 = Release|Any CPU
		{850AA705-BABB-4292-B177-5B9AD50EEAE9}.Debug|Any CPU.ActiveCfg = Debug|Any CPU
		{850AA705-BABB-4292-B177-5B9AD50EEAE9}.Debug|Any CPU.Build.0 = Debug|Any CPU
		{850AA705-BABB-4292-B177-5B9AD50EEAE9}.Release|Any CPU.ActiveCfg = Release|Any CPU
		{850AA705-BABB-4292-B177-5B9AD50EEAE9}.Release|Any CPU.Build.0 = Release|Any CPU
	EndGlobalSection
	GlobalSection(SolutionProperties) = preSolution
		HideSolutionNode = FALSE
	EndGlobalSection
	GlobalSection(NestedProjects) = preSolution
		{850AA705-BABB-4292-B177-5B9AD50EEAE9} = {5DEAD6D6-CF22-4801-8B59-17679D8C4953}
	EndGlobalSection
EndGlobal
